
Microsoft Visual Studio Solution File, Format Version 12.00
# Visual Studio Version 16
VisualStudioVersion = 16.0.31025.194
MinimumVisualStudioVersion = 10.0.40219.1
Project("{FAE04EC0-301F-11D3-BF4B-00C04F79EFBC}") = "PhotoSharingApplication", "PhotoSharingApplication\PhotoSharingApplication.csproj", "{C35BA9D0-F050-4500-8EF8-DA0E11003FD4}"
EndProject
Project("{FAE04EC0-301F-11D3-BF4B-00C04F79EFBC}") = "PhotoSharingTests", "PhotoSharingTests\PhotoSharingTests.csproj", "{2F75ACF9-FEB3-4D89-906D-9F704AF56E38}"
EndProject
Global
	GlobalSection(SolutionConfigurationPlatforms) = preSolution
		Debug|Any CPU = Debug|Any CPU
		Release|Any CPU = Release|Any CPU
	EndGlobalSection
	GlobalSection(ProjectConfigurationPlatforms) = postSolution
		{C35BA9D0-F050-4500-8EF8-DA0E11003FD4}.Debug|Any CPU.ActiveCfg = Debug|Any CPU
		{C35BA9D0-F050-4500-8EF8-DA0E11003FD4}.Debug|Any CPU.Build.0 = Debug|Any CPU
		{C35BA9D0-F050-4500-8EF8-DA0E11003FD4}.Release|Any CPU.ActiveCfg = Release|Any CPU
		{C35BA9D0-F050-4500-8EF8-DA0E11003FD4}.Release|Any CPU.Build.0 = Release|Any CPU
		{2F75ACF9-FEB3-4D89-906D-9F704AF56E38}.Debug|Any CPU.ActiveCfg = Debug|Any CPU
		{2F75ACF9-FEB3-4D89-906D-9F704AF56E38}.Debug|Any CPU.Build.0 = Debug|Any CPU
		{2F75ACF9-FEB3-4D89-906D-9F704AF56E38}.Release|Any CPU.ActiveCfg = Release|Any CPU
		{2F75ACF9-FEB3-4D89-906D-9F704AF56E38}.Release|Any CPU.Build.0 = Release|Any CPU
	EndGlobalSection
	GlobalSection(SolutionProperties) = preSolution
		HideSolutionNode = FALSE
	EndGlobalSection
	GlobalSection(ExtensibilityGlobals) = postSolution
		SolutionGuid = {44355EE5-23F2-4536-B468-E64F5C1A232B}
	EndGlobalSection
EndGlobal
