
Microsoft Visual Studio Solution File, Format Version 12.00
# Visual Studio Version 16
VisualStudioVersion = 16.0.31025.194
MinimumVisualStudioVersion = 10.0.40219.1
Project("{FAE04EC0-301F-11D3-BF4B-00C04F79EFBC}") = "OperasWebSite", "OperasWebSite\OperasWebSite.csproj", "{2719E8F9-1B16-41C8-9633-152144AB451D}"
EndProject
Project("{FAE04EC0-301F-11D3-BF4B-00C04F79EFBC}") = "OperaWebSite.Test", "OperaWebSite.Test\OperaWebSite.Test.csproj", "{50DFB763-D08D-4887-98DB-BF5AC4838259}"
EndProject
Project("{FAE04EC0-301F-11D3-BF4B-00C04F79EFBC}") = "WebAppDemoLayout", "WebAppDemoLayout\WebAppDemoLayout.csproj", "{FFA79564-978C-4CC2-9BEB-8204362300EB}"
EndProject
Global
	GlobalSection(SolutionConfigurationPlatforms) = preSolution
		Debug|Any CPU = Debug|Any CPU
		Release|Any CPU = Release|Any CPU
	EndGlobalSection
	GlobalSection(ProjectConfigurationPlatforms) = postSolution
		{2719E8F9-1B16-41C8-9633-152144AB451D}.Debug|Any CPU.ActiveCfg = Debug|Any CPU
		{2719E8F9-1B16-41C8-9633-152144AB451D}.Debug|Any CPU.Build.0 = Debug|Any CPU
		{2719E8F9-1B16-41C8-9633-152144AB451D}.Release|Any CPU.ActiveCfg = Release|Any CPU
		{2719E8F9-1B16-41C8-9633-152144AB451D}.Release|Any CPU.Build.0 = Release|Any CPU
		{50DFB763-D08D-4887-98DB-BF5AC4838259}.Debug|Any CPU.ActiveCfg = Debug|Any CPU
		{50DFB763-D08D-4887-98DB-BF5AC4838259}.Debug|Any CPU.Build.0 = Debug|Any CPU
		{50DFB763-D08D-4887-98DB-BF5AC4838259}.Release|Any CPU.ActiveCfg = Release|Any CPU
		{50DFB763-D08D-4887-98DB-BF5AC4838259}.Release|Any CPU.Build.0 = Release|Any CPU
		{FFA79564-978C-4CC2-9BEB-8204362300EB}.Debug|Any CPU.ActiveCfg = Debug|Any CPU
		{FFA79564-978C-4CC2-9BEB-8204362300EB}.Debug|Any CPU.Build.0 = Debug|Any CPU
		{FFA79564-978C-4CC2-9BEB-8204362300EB}.Release|Any CPU.ActiveCfg = Release|Any CPU
		{FFA79564-978C-4CC2-9BEB-8204362300EB}.Release|Any CPU.Build.0 = Release|Any CPU
	EndGlobalSection
	GlobalSection(SolutionProperties) = preSolution
		HideSolutionNode = FALSE
	EndGlobalSection
	GlobalSection(ExtensibilityGlobals) = postSolution
		SolutionGuid = {75CF63CD-94E3-43DD-BE10-F82BADEAA286}
	EndGlobalSection
EndGlobal
