
Microsoft Visual Studio Solution File, Format Version 12.00
# Visual Studio Version 16
VisualStudioVersion = 16.0.30611.23
MinimumVisualStudioVersion = 10.0.40219.1
Project("{FAE04EC0-301F-11D3-BF4B-00C04F79EFBC}") = "OperasWebSite", "OperasWebSite\OperasWebSite.csproj", "{F584A5EE-6A8F-4065-9681-4931DA0C965E}"
EndProject
Global
	GlobalSection(SolutionConfigurationPlatforms) = preSolution
		Debug|Any CPU = Debug|Any CPU
		Release|Any CPU = Release|Any CPU
	EndGlobalSection
	GlobalSection(ProjectConfigurationPlatforms) = postSolution
		{F584A5EE-6A8F-4065-9681-4931DA0C965E}.Debug|Any CPU.ActiveCfg = Debug|Any CPU
		{F584A5EE-6A8F-4065-9681-4931DA0C965E}.Debug|Any CPU.Build.0 = Debug|Any CPU
		{F584A5EE-6A8F-4065-9681-4931DA0C965E}.Release|Any CPU.ActiveCfg = Release|Any CPU
		{F584A5EE-6A8F-4065-9681-4931DA0C965E}.Release|Any CPU.Build.0 = Release|Any CPU
	EndGlobalSection
	GlobalSection(SolutionProperties) = preSolution
		HideSolutionNode = FALSE
	EndGlobalSection
	GlobalSection(ExtensibilityGlobals) = postSolution
		SolutionGuid = {E7375E7B-2078-4BAA-8EDF-54BA5A637467}
	EndGlobalSection
EndGlobal
