
Microsoft Visual Studio Solution File, Format Version 12.00
# Visual Studio Version 16
VisualStudioVersion = 16.0.31112.23
MinimumVisualStudioVersion = 10.0.40219.1
Project("{FAE04EC0-301F-11D3-BF4B-00C04F79EFBC}") = "ProductsWeb", "ProductsWeb\ProductsWeb.csproj", "{9ED473BF-54E4-4CBD-B976-EBE0A2707169}"
EndProject
Global
	GlobalSection(SolutionConfigurationPlatforms) = preSolution
		Debug|Any CPU = Debug|Any CPU
		Release|Any CPU = Release|Any CPU
	EndGlobalSection
	GlobalSection(ProjectConfigurationPlatforms) = postSolution
		{9ED473BF-54E4-4CBD-B976-EBE0A2707169}.Debug|Any CPU.ActiveCfg = Debug|Any CPU
		{9ED473BF-54E4-4CBD-B976-EBE0A2707169}.Debug|Any CPU.Build.0 = Debug|Any CPU
		{9ED473BF-54E4-4CBD-B976-EBE0A2707169}.Release|Any CPU.ActiveCfg = Release|Any CPU
		{9ED473BF-54E4-4CBD-B976-EBE0A2707169}.Release|Any CPU.Build.0 = Release|Any CPU
	EndGlobalSection
	GlobalSection(SolutionProperties) = preSolution
		HideSolutionNode = FALSE
	EndGlobalSection
	GlobalSection(ExtensibilityGlobals) = postSolution
		SolutionGuid = {0761B1F3-D385-40F0-BFFC-AB59DFB5727E}
	EndGlobalSection
EndGlobal
